// !$*UTF8*$!
{
	archiveVersion = 1;
	classes = {
	};
	objectVersion = 50;
	objects = {

/* Begin PBXBuildFile section */
		52ACBBCC22E02923007F4882 /* DataViewModel.swift in Sources */ = {isa = PBXBuildFile; fileRef = 52ACBBCB22E02923007F4882 /* DataViewModel.swift */; };
		52EF6B3B22E02D480085240D /* Manager.swift in Sources */ = {isa = PBXBuildFile; fileRef = 52EF6B3A22E02D480085240D /* Manager.swift */; };
		52FA118922DF197000022913 /* AppDelegate.swift in Sources */ = {isa = PBXBuildFile; fileRef = 52FA118822DF197000022913 /* AppDelegate.swift */; };
		52FA118B22DF197000022913 /* ViewController.swift in Sources */ = {isa = PBXBuildFile; fileRef = 52FA118A22DF197000022913 /* ViewController.swift */; };
		52FA118E22DF197000022913 /* Main.storyboard in Resources */ = {isa = PBXBuildFile; fileRef = 52FA118C22DF197000022913 /* Main.storyboard */; };
		52FA119022DF197000022913 /* Assets.xcassets in Resources */ = {isa = PBXBuildFile; fileRef = 52FA118F22DF197000022913 /* Assets.xcassets */; };
		52FA119322DF197000022913 /* LaunchScreen.storyboard in Resources */ = {isa = PBXBuildFile; fileRef = 52FA119122DF197000022913 /* LaunchScreen.storyboard */; };
		52FA119E22DF197000022913 /* AssignmentTests.swift in Sources */ = {isa = PBXBuildFile; fileRef = 52FA119D22DF197000022913 /* AssignmentTests.swift */; };
		52FA11AE22DF25F400022913 /* dataModel.swift in Sources */ = {isa = PBXBuildFile; fileRef = 52FA11AD22DF25F400022913 /* dataModel.swift */; };
		52FA11B022DF292C00022913 /* dataCell.swift in Sources */ = {isa = PBXBuildFile; fileRef = 52FA11AF22DF292C00022913 /* dataCell.swift */; };
		52FA11B522DF427600022913 /* UIImageView.swift in Sources */ = {isa = PBXBuildFile; fileRef = 52FA11B422DF427600022913 /* UIImageView.swift */; };
		52FA11B722DF462F00022913 /* serviceCallTest.swift in Sources */ = {isa = PBXBuildFile; fileRef = 52FA11B622DF462F00022913 /* serviceCallTest.swift */; };
/* End PBXBuildFile section */

/* Begin PBXContainerItemProxy section */
		52FA119A22DF197000022913 /* PBXContainerItemProxy */ = {
			isa = PBXContainerItemProxy;
			containerPortal = 52FA117D22DF197000022913 /* Project object */;
			proxyType = 1;
			remoteGlobalIDString = 52FA118422DF197000022913;
			remoteInfo = Assignment;
		};
/* End PBXContainerItemProxy section */

/* Begin PBXFileReference section */
		52ACBBCB22E02923007F4882 /* DataViewModel.swift */ = {isa = PBXFileReference; fileEncoding = 4; lastKnownFileType = sourcecode.swift; path = DataViewModel.swift; sourceTree = "<group>"; };
		52EF6B3A22E02D480085240D /* Manager.swift */ = {isa = PBXFileReference; lastKnownFileType = sourcecode.swift; path = Manager.swift; sourceTree = "<group>"; };
		52FA118522DF197000022913 /* Assignment.app */ = {isa = PBXFileReference; explicitFileType = wrapper.application; includeInIndex = 0; path = Assignment.app; sourceTree = BUILT_PRODUCTS_DIR; };
		52FA118822DF197000022913 /* AppDelegate.swift */ = {isa = PBXFileReference; lastKnownFileType = sourcecode.swift; path = AppDelegate.swift; sourceTree = "<group>"; };
		52FA118A22DF197000022913 /* ViewController.swift */ = {isa = PBXFileReference; lastKnownFileType = sourcecode.swift; path = ViewController.swift; sourceTree = "<group>"; };
		52FA118D22DF197000022913 /* Base */ = {isa = PBXFileReference; lastKnownFileType = file.storyboard; name = Base; path = Base.lproj/Main.storyboard; sourceTree = "<group>"; };
		52FA118F22DF197000022913 /* Assets.xcassets */ = {isa = PBXFileReference; lastKnownFileType = folder.assetcatalog; path = Assets.xcassets; sourceTree = "<group>"; };
		52FA119222DF197000022913 /* Base */ = {isa = PBXFileReference; lastKnownFileType = file.storyboard; name = Base; path = Base.lproj/LaunchScreen.storyboard; sourceTree = "<group>"; };
		52FA119422DF197000022913 /* Info.plist */ = {isa = PBXFileReference; lastKnownFileType = text.plist.xml; path = Info.plist; sourceTree = "<group>"; };
		52FA119922DF197000022913 /* AssignmentTests.xctest */ = {isa = PBXFileReference; explicitFileType = wrapper.cfbundle; includeInIndex = 0; path = AssignmentTests.xctest; sourceTree = BUILT_PRODUCTS_DIR; };
		52FA119D22DF197000022913 /* AssignmentTests.swift */ = {isa = PBXFileReference; lastKnownFileType = sourcecode.swift; path = AssignmentTests.swift; sourceTree = "<group>"; };
		52FA119F22DF197000022913 /* Info.plist */ = {isa = PBXFileReference; lastKnownFileType = text.plist.xml; path = Info.plist; sourceTree = "<group>"; };
		52FA11AD22DF25F400022913 /* dataModel.swift */ = {isa = PBXFileReference; lastKnownFileType = sourcecode.swift; path = dataModel.swift; sourceTree = "<group>"; };
		52FA11AF22DF292C00022913 /* dataCell.swift */ = {isa = PBXFileReference; lastKnownFileType = sourcecode.swift; path = dataCell.swift; sourceTree = "<group>"; };
		52FA11B422DF427600022913 /* UIImageView.swift */ = {isa = PBXFileReference; lastKnownFileType = sourcecode.swift; path = UIImageView.swift; sourceTree = "<group>"; };
		52FA11B622DF462F00022913 /* serviceCallTest.swift */ = {isa = PBXFileReference; lastKnownFileType = sourcecode.swift; path = serviceCallTest.swift; sourceTree = "<group>"; };
/* End PBXFileReference section */

/* Begin PBXFrameworksBuildPhase section */
		52FA118222DF197000022913 /* Frameworks */ = {
			isa = PBXFrameworksBuildPhase;
			buildActionMask = 2147483647;
			files = (
			);
			runOnlyForDeploymentPostprocessing = 0;
		};
		52FA119622DF197000022913 /* Frameworks */ = {
			isa = PBXFrameworksBuildPhase;
			buildActionMask = 2147483647;
			files = (
			);
			runOnlyForDeploymentPostprocessing = 0;
		};
/* End PBXFrameworksBuildPhase section */

/* Begin PBXGroup section */
		52EF6B3922E02CEF0085240D /* NetworkManager */ = {
			isa = PBXGroup;
			children = (
				52EF6B3A22E02D480085240D /* Manager.swift */,
			);
			path = NetworkManager;
			sourceTree = "<group>";
		};
		52FA117C22DF197000022913 = {
			isa = PBXGroup;
			children = (
				52FA119122DF197000022913 /* LaunchScreen.storyboard */,
				52FA118C22DF197000022913 /* Main.storyboard */,
				52FA118722DF197000022913 /* Assignment */,
				52FA119C22DF197000022913 /* AssignmentTests */,
				52FA118622DF197000022913 /* Products */,
			);
			sourceTree = "<group>";
		};
		52FA118622DF197000022913 /* Products */ = {
			isa = PBXGroup;
			children = (
				52FA118522DF197000022913 /* Assignment.app */,
				52FA119922DF197000022913 /* AssignmentTests.xctest */,
			);
			name = Products;
			sourceTree = "<group>";
		};
		52FA118722DF197000022913 /* Assignment */ = {
			isa = PBXGroup;
			children = (
				52FA118822DF197000022913 /* AppDelegate.swift */,
				52FA11A822DF259C00022913 /* view */,
				52FA11A922DF25AB00022913 /* Model */,
				52FA11B822DF46F900022913 /* ViewModel */,
				52FA11B122DF41CA00022913 /* Extensions */,
				52EF6B3922E02CEF0085240D /* NetworkManager */,
				52FA118F22DF197000022913 /* Assets.xcassets */,
				52FA119422DF197000022913 /* Info.plist */,
			);
			path = Assignment;
			sourceTree = "<group>";
		};
		52FA119C22DF197000022913 /* AssignmentTests */ = {
			isa = PBXGroup;
			children = (
				52FA119D22DF197000022913 /* AssignmentTests.swift */,
				52FA119F22DF197000022913 /* Info.plist */,
				52FA11B622DF462F00022913 /* serviceCallTest.swift */,
			);
			path = AssignmentTests;
			sourceTree = "<group>";
		};
		52FA11A822DF259C00022913 /* view */ = {
			isa = PBXGroup;
			children = (
				52FA118A22DF197000022913 /* ViewController.swift */,
				52FA11AF22DF292C00022913 /* dataCell.swift */,
			);
			path = view;
			sourceTree = "<group>";
		};
		52FA11A922DF25AB00022913 /* Model */ = {
			isa = PBXGroup;
			children = (
				52FA11AD22DF25F400022913 /* dataModel.swift */,
			);
			path = Model;
			sourceTree = "<group>";
		};
		52FA11B122DF41CA00022913 /* Extensions */ = {
			isa = PBXGroup;
			children = (
				52FA11B422DF427600022913 /* UIImageView.swift */,
			);
			path = Extensions;
			sourceTree = "<group>";
		};
		52FA11B822DF46F900022913 /* ViewModel */ = {
			isa = PBXGroup;
			children = (
				52ACBBCB22E02923007F4882 /* DataViewModel.swift */,
			);
			path = ViewModel;
			sourceTree = "<group>";
		};
/* End PBXGroup section */

/* Begin PBXNativeTarget section */
		52FA118422DF197000022913 /* Assignment */ = {
			isa = PBXNativeTarget;
			buildConfigurationList = 52FA11A222DF197000022913 /* Build configuration list for PBXNativeTarget "Assignment" */;
			buildPhases = (
				52FA118122DF197000022913 /* Sources */,
				52FA118222DF197000022913 /* Frameworks */,
				52FA118322DF197000022913 /* Resources */,
				52EF6B3C22E071020085240D /* ShellScript */,
			);
			buildRules = (
			);
			dependencies = (
			);
			name = Assignment;
			productName = Assignment;
			productReference = 52FA118522DF197000022913 /* Assignment.app */;
			productType = "com.apple.product-type.application";
		};
		52FA119822DF197000022913 /* AssignmentTests */ = {
			isa = PBXNativeTarget;
			buildConfigurationList = 52FA11A522DF197000022913 /* Build configuration list for PBXNativeTarget "AssignmentTests" */;
			buildPhases = (
				52FA119522DF197000022913 /* Sources */,
				52FA119622DF197000022913 /* Frameworks */,
				52FA119722DF197000022913 /* Resources */,
			);
			buildRules = (
			);
			dependencies = (
				52FA119B22DF197000022913 /* PBXTargetDependency */,
			);
			name = AssignmentTests;
			productName = AssignmentTests;
			productReference = 52FA119922DF197000022913 /* AssignmentTests.xctest */;
			productType = "com.apple.product-type.bundle.unit-test";
		};
/* End PBXNativeTarget section */

/* Begin PBXProject section */
		52FA117D22DF197000022913 /* Project object */ = {
			isa = PBXProject;
			attributes = {
				LastSwiftUpdateCheck = 1010;
				LastUpgradeCheck = 1010;
				ORGANIZATIONNAME = test;
				TargetAttributes = {
					52FA118422DF197000022913 = {
						CreatedOnToolsVersion = 10.1;
					};
					52FA119822DF197000022913 = {
						CreatedOnToolsVersion = 10.1;
						TestTargetID = 52FA118422DF197000022913;
					};
				};
			};
			buildConfigurationList = 52FA118022DF197000022913 /* Build configuration list for PBXProject "Assignment" */;
			compatibilityVersion = "Xcode 9.3";
			developmentRegion = en;
			hasScannedForEncodings = 0;
			knownRegions = (
				en,
				Base,
			);
			mainGroup = 52FA117C22DF197000022913;
			productRefGroup = 52FA118622DF197000022913 /* Products */;
			projectDirPath = "";
			projectRoot = "";
			targets = (
				52FA118422DF197000022913 /* Assignment */,
				52FA119822DF197000022913 /* AssignmentTests */,
			);
		};
/* End PBXProject section */

/* Begin PBXResourcesBuildPhase section */
		52FA118322DF197000022913 /* Resources */ = {
			isa = PBXResourcesBuildPhase;
			buildActionMask = 2147483647;
			files = (
				52FA119322DF197000022913 /* LaunchScreen.storyboard in Resources */,
				52FA119022DF197000022913 /* Assets.xcassets in Resources */,
				52FA118E22DF197000022913 /* Main.storyboard in Resources */,
			);
			runOnlyForDeploymentPostprocessing = 0;
		};
		52FA119722DF197000022913 /* Resources */ = {
			isa = PBXResourcesBuildPhase;
			buildActionMask = 2147483647;
			files = (
			);
			runOnlyForDeploymentPostprocessing = 0;
		};
/* End PBXResourcesBuildPhase section */

/* Begin PBXShellScriptBuildPhase section */
		52EF6B3C22E071020085240D /* ShellScript */ = {
			isa = PBXShellScriptBuildPhase;
			buildActionMask = 2147483647;
			files = (
			);
			inputFileListPaths = (
			);
			inputPaths = (
			);
			outputFileListPaths = (
			);
			outputPaths = (
			);
			runOnlyForDeploymentPostprocessing = 0;
			shellPath = /bin/sh;
			shellScript = "if which swiftlint >/dev/null; then\nswiftlint\nelse\necho \"warning: SwiftLint not installed, download from https://github.com/realm/SwiftLint\"\nfi\n";
		};
/* End PBXShellScriptBuildPhase section */

/* Begin PBXSourcesBuildPhase section */
		52FA118122DF197000022913 /* Sources */ = {
			isa = PBXSourcesBuildPhase;
			buildActionMask = 2147483647;
			files = (
				52FA118B22DF197000022913 /* ViewController.swift in Sources */,
				52FA118922DF197000022913 /* AppDelegate.swift in Sources */,
				52EF6B3B22E02D480085240D /* Manager.swift in Sources */,
				52FA11B522DF427600022913 /* UIImageView.swift in Sources */,
				52FA11AE22DF25F400022913 /* dataModel.swift in Sources */,
				52ACBBCC22E02923007F4882 /* DataViewModel.swift in Sources */,
				52FA11B022DF292C00022913 /* dataCell.swift in Sources */,
			);
			runOnlyForDeploymentPostprocessing = 0;
		};
		52FA119522DF197000022913 /* Sources */ = {
			isa = PBXSourcesBuildPhase;
			buildActionMask = 2147483647;
			files = (
				52FA119E22DF197000022913 /* AssignmentTests.swift in Sources */,
				52FA11B722DF462F00022913 /* serviceCallTest.swift in Sources */,
			);
			runOnlyForDeploymentPostprocessing = 0;
		};
/* End PBXSourcesBuildPhase section */

/* Begin PBXTargetDependency section */
		52FA119B22DF197000022913 /* PBXTargetDependency */ = {
			isa = PBXTargetDependency;
			target = 52FA118422DF197000022913 /* Assignment */;
			targetProxy = 52FA119A22DF197000022913 /* PBXContainerItemProxy */;
		};
/* End PBXTargetDependency section */

/* Begin PBXVariantGroup section */
		52FA118C22DF197000022913 /* Main.storyboard */ = {
			isa = PBXVariantGroup;
			children = (
				52FA118D22DF197000022913 /* Base */,
			);
			name = Main.storyboard;
			sourceTree = "<group>";
		};
		52FA119122DF197000022913 /* LaunchScreen.storyboard */ = {
			isa = PBXVariantGroup;
			children = (
				52FA119222DF197000022913 /* Base */,
			);
			name = LaunchScreen.storyboard;
			sourceTree = "<group>";
		};
/* End PBXVariantGroup section */

/* Begin XCBuildConfiguration section */
		52FA11A022DF197000022913 /* Debug */ = {
			isa = XCBuildConfiguration;
			buildSettings = {
				ALWAYS_SEARCH_USER_PATHS = NO;
				CLANG_ANALYZER_NONNULL = YES;
				CLANG_ANALYZER_NUMBER_OBJECT_CONVERSION = YES_AGGRESSIVE;
				CLANG_CXX_LANGUAGE_STANDARD = "gnu++14";
				CLANG_CXX_LIBRARY = "libc++";
				CLANG_ENABLE_MODULES = YES;
				CLANG_ENABLE_OBJC_ARC = YES;
				CLANG_ENABLE_OBJC_WEAK = YES;
				CLANG_WARN_BLOCK_CAPTURE_AUTORELEASING = YES;
				CLANG_WARN_BOOL_CONVERSION = YES;
				CLANG_WARN_COMMA = YES;
				CLANG_WARN_CONSTANT_CONVERSION = YES;
				CLANG_WARN_DEPRECATED_OBJC_IMPLEMENTATIONS = YES;
				CLANG_WARN_DIRECT_OBJC_ISA_USAGE = YES_ERROR;
				CLANG_WARN_DOCUMENTATION_COMMENTS = YES;
				CLANG_WARN_EMPTY_BODY = YES;
				CLANG_WARN_ENUM_CONVERSION = YES;
				CLANG_WARN_INFINITE_RECURSION = YES;
				CLANG_WARN_INT_CONVERSION = YES;
				CLANG_WARN_NON_LITERAL_NULL_CONVERSION = YES;
				CLANG_WARN_OBJC_IMPLICIT_RETAIN_SELF = YES;
				CLANG_WARN_OBJC_LITERAL_CONVERSION = YES;
				CLANG_WARN_OBJC_ROOT_CLASS = YES_ERROR;
				CLANG_WARN_RANGE_LOOP_ANALYSIS = YES;
				CLANG_WARN_STRICT_PROTOTYPES = YES;
				CLANG_WARN_SUSPICIOUS_MOVE = YES;
				CLANG_WARN_UNGUARDED_AVAILABILITY = YES_AGGRESSIVE;
				CLANG_WARN_UNREACHABLE_CODE = YES;
				CLANG_WARN__DUPLICATE_METHOD_MATCH = YES;
				CODE_SIGN_IDENTITY = "iPhone Developer";
				COPY_PHASE_STRIP = NO;
				DEBUG_INFORMATION_FORMAT = dwarf;
				ENABLE_STRICT_OBJC_MSGSEND = YES;
				ENABLE_TESTABILITY = YES;
				GCC_C_LANGUAGE_STANDARD = gnu11;
				GCC_DYNAMIC_NO_PIC = NO;
				GCC_NO_COMMON_BLOCKS = YES;
				GCC_OPTIMIZATION_LEVEL = 0;
				GCC_PREPROCESSOR_DEFINITIONS = (
					"DEBUG=1",
					"$(inherited)",
				);
				GCC_WARN_64_TO_32_BIT_CONVERSION = YES;
				GCC_WARN_ABOUT_RETURN_TYPE = YES_ERROR;
				GCC_WARN_UNDECLARED_SELECTOR = YES;
				GCC_WARN_UNINITIALIZED_AUTOS = YES_AGGRESSIVE;
				GCC_WARN_UNUSED_FUNCTION = YES;
				GCC_WARN_UNUSED_VARIABLE = YES;
				IPHONEOS_DEPLOYMENT_TARGET = 12.1;
				MTL_ENABLE_DEBUG_INFO = INCLUDE_SOURCE;
				MTL_FAST_MATH = YES;
				ONLY_ACTIVE_ARCH = YES;
				SDKROOT = iphoneos;
				SWIFT_ACTIVE_COMPILATION_CONDITIONS = DEBUG;
				SWIFT_OPTIMIZATION_LEVEL = "-Onone";
			};
			name = Debug;
		};
		52FA11A122DF197000022913 /* Release */ = {
			isa = XCBuildConfiguration;
			buildSettings = {
				ALWAYS_SEARCH_USER_PATHS = NO;
				CLANG_ANALYZER_NONNULL = YES;
				CLANG_ANALYZER_NUMBER_OBJECT_CONVERSION = YES_AGGRESSIVE;
				CLANG_CXX_LANGUAGE_STANDARD = "gnu++14";
				CLANG_CXX_LIBRARY = "libc++";
				CLANG_ENABLE_MODULES = YES;
				CLANG_ENABLE_OBJC_ARC = YES;
				CLANG_ENABLE_OBJC_WEAK = YES;
				CLANG_WARN_BLOCK_CAPTURE_AUTORELEASING = YES;
				CLANG_WARN_BOOL_CONVERSION = YES;
				CLANG_WARN_COMMA = YES;
				CLANG_WARN_CONSTANT_CONVERSION = YES;
				CLANG_WARN_DEPRECATED_OBJC_IMPLEMENTATIONS = YES;
				CLANG_WARN_DIRECT_OBJC_ISA_USAGE = YES_ERROR;
				CLANG_WARN_DOCUMENTATION_COMMENTS = YES;
				CLANG_WARN_EMPTY_BODY = YES;
				CLANG_WARN_ENUM_CONVERSION = YES;
				CLANG_WARN_INFINITE_RECURSION = YES;
				CLANG_WARN_INT_CONVERSION = YES;
				CLANG_WARN_NON_LITERAL_NULL_CONVERSION = YES;
				CLANG_WARN_OBJC_IMPLICIT_RETAIN_SELF = YES;
				CLANG_WARN_OBJC_LITERAL_CONVERSION = YES;
				CLANG_WARN_OBJC_ROOT_CLASS = YES_ERROR;
				CLANG_WARN_RANGE_LOOP_ANALYSIS = YES;
				CLANG_WARN_STRICT_PROTOTYPES = YES;
				CLANG_WARN_SUSPICIOUS_MOVE = YES;
				CLANG_WARN_UNGUARDED_AVAILABILITY = YES_AGGRESSIVE;
				CLANG_WARN_UNREACHABLE_CODE = YES;
				CLANG_WARN__DUPLICATE_METHOD_MATCH = YES;
				CODE_SIGN_IDENTITY = "iPhone Developer";
				COPY_PHASE_STRIP = NO;
				DEBUG_INFORMATION_FORMAT = "dwarf-with-dsym";
				ENABLE_NS_ASSERTIONS = NO;
				ENABLE_STRICT_OBJC_MSGSEND = YES;
				GCC_C_LANGUAGE_STANDARD = gnu11;
				GCC_NO_COMMON_BLOCKS = YES;
				GCC_WARN_64_TO_32_BIT_CONVERSION = YES;
				GCC_WARN_ABOUT_RETURN_TYPE = YES_ERROR;
				GCC_WARN_UNDECLARED_SELECTOR = YES;
				GCC_WARN_UNINITIALIZED_AUTOS = YES_AGGRESSIVE;
				GCC_WARN_UNUSED_FUNCTION = YES;
				GCC_WARN_UNUSED_VARIABLE = YES;
				IPHONEOS_DEPLOYMENT_TARGET = 12.1;
				MTL_ENABLE_DEBUG_INFO = NO;
				MTL_FAST_MATH = YES;
				SDKROOT = iphoneos;
				SWIFT_COMPILATION_MODE = wholemodule;
				SWIFT_OPTIMIZATION_LEVEL = "-O";
				VALIDATE_PRODUCT = YES;
			};
			name = Release;
		};
		52FA11A322DF197000022913 /* Debug */ = {
			isa = XCBuildConfiguration;
			buildSettings = {
				ASSETCATALOG_COMPILER_APPICON_NAME = AppIcon;
				CODE_SIGN_STYLE = Automatic;
				INFOPLIST_FILE = Assignment/Info.plist;
				LD_RUNPATH_SEARCH_PATHS = (
					"$(inherited)",
					"@executable_path/Frameworks",
				);
				PRODUCT_BUNDLE_IDENTIFIER = tushar.dalvi.Assignment;
				PRODUCT_NAME = "$(TARGET_NAME)";
				SWIFT_VERSION = 4.2;
				TARGETED_DEVICE_FAMILY = "1,2";
			};
			name = Debug;
		};
		52FA11A422DF197000022913 /* Release */ = {
			isa = XCBuildConfiguration;
			buildSettings = {
				ASSETCATALOG_COMPILER_APPICON_NAME = AppIcon;
				CODE_SIGN_STYLE = Automatic;
				INFOPLIST_FILE = Assignment/Info.plist;
				LD_RUNPATH_SEARCH_PATHS = (
					"$(inherited)",
					"@executable_path/Frameworks",
				);
				PRODUCT_BUNDLE_IDENTIFIER = tushar.dalvi.Assignment;
				PRODUCT_NAME = "$(TARGET_NAME)";
				SWIFT_VERSION = 4.2;
				TARGETED_DEVICE_FAMILY = "1,2";
			};
			name = Release;
		};
		52FA11A622DF197000022913 /* Debug */ = {
			isa = XCBuildConfiguration;
			buildSettings = {
				ALWAYS_EMBED_SWIFT_STANDARD_LIBRARIES = YES;
				BUNDLE_LOADER = "$(TEST_HOST)";
				CODE_SIGN_STYLE = Automatic;
				INFOPLIST_FILE = AssignmentTests/Info.plist;
				LD_RUNPATH_SEARCH_PATHS = (
					"$(inherited)",
					"@executable_path/Frameworks",
					"@loader_path/Frameworks",
				);
				PRODUCT_BUNDLE_IDENTIFIER = tushar.dalvi.AssignmentTests;
				PRODUCT_NAME = "$(TARGET_NAME)";
				SWIFT_VERSION = 4.2;
				TARGETED_DEVICE_FAMILY = "1,2";
				TEST_HOST = "$(BUILT_PRODUCTS_DIR)/Assignment.app/Assignment";
			};
			name = Debug;
		};
		52FA11A722DF197000022913 /* Release */ = {
			isa = XCBuildConfiguration;
			buildSettings = {
				ALWAYS_EMBED_SWIFT_STANDARD_LIBRARIES = YES;
				BUNDLE_LOADER = "$(TEST_HOST)";
				CODE_SIGN_STYLE = Automatic;
				INFOPLIST_FILE = AssignmentTests/Info.plist;
				LD_RUNPATH_SEARCH_PATHS = (
					"$(inherited)",
					"@executable_path/Frameworks",
					"@loader_path/Frameworks",
				);
				PRODUCT_BUNDLE_IDENTIFIER = tushar.dalvi.AssignmentTests;
				PRODUCT_NAME = "$(TARGET_NAME)";
				SWIFT_VERSION = 4.2;
				TARGETED_DEVICE_FAMILY = "1,2";
				TEST_HOST = "$(BUILT_PRODUCTS_DIR)/Assignment.app/Assignment";
			};
			name = Release;
		};
/* End XCBuildConfiguration section */

/* Begin XCConfigurationList section */
		52FA118022DF197000022913 /* Build configuration list for PBXProject "Assignment" */ = {
			isa = XCConfigurationList;
			buildConfigurations = (
				52FA11A022DF197000022913 /* Debug */,
				52FA11A122DF197000022913 /* Release */,
			);
			defaultConfigurationIsVisible = 0;
			defaultConfigurationName = Release;
		};
		52FA11A222DF197000022913 /* Build configuration list for PBXNativeTarget "Assignment" */ = {
			isa = XCConfigurationList;
			buildConfigurations = (
				52FA11A322DF197000022913 /* Debug */,
				52FA11A422DF197000022913 /* Release */,
			);
			defaultConfigurationIsVisible = 0;
			defaultConfigurationName = Release;
		};
		52FA11A522DF197000022913 /* Build configuration list for PBXNativeTarget "AssignmentTests" */ = {
			isa = XCConfigurationList;
			buildConfigurations = (
				52FA11A622DF197000022913 /* Debug */,
				52FA11A722DF197000022913 /* Release */,
			);
			defaultConfigurationIsVisible = 0;
			defaultConfigurationName = Release;
		};
/* End XCConfigurationList section */
	};
	rootObject = 52FA117D22DF197000022913 /* Project object */;
}
